
Microsoft Visual Studio Solution File, Format Version 12.00
# Visual Studio Version 17
VisualStudioVersion = 17.11.35312.102
MinimumVisualStudioVersion = 10.0.40219.1
Project("{FAE04EC0-301F-11D3-BF4B-00C04F79EFBC}") = "StrategyDesignPatternExample", "StrategyDesignPatternExample.csproj", "{757F1662-2615-4D8A-A88B-A4823F21E012}"
EndProject
Global
	GlobalSection(SolutionConfigurationPlatforms) = preSolution
		Debug|Any CPU = Debug|Any CPU
		Release|Any CPU = Release|Any CPU
	EndGlobalSection
	GlobalSection(ProjectConfigurationPlatforms) = postSolution
		{757F1662-2615-4D8A-A88B-A4823F21E012}.Debug|Any CPU.ActiveCfg = Debug|Any CPU
		{757F1662-2615-4D8A-A88B-A4823F21E012}.Debug|Any CPU.Build.0 = Debug|Any CPU
		{757F1662-2615-4D8A-A88B-A4823F21E012}.Release|Any CPU.ActiveCfg = Release|Any CPU
		{757F1662-2615-4D8A-A88B-A4823F21E012}.Release|Any CPU.Build.0 = Release|Any CPU
	EndGlobalSection
	GlobalSection(SolutionProperties) = preSolution
		HideSolutionNode = FALSE
	EndGlobalSection
	GlobalSection(ExtensibilityGlobals) = postSolution
		SolutionGuid = {F2F99777-38A6-4C7C-9E59-28A8680FD194}
	EndGlobalSection
EndGlobal
